
Microsoft Visual Studio Solution File, Format Version 12.00
# Visual Studio 15
VisualStudioVersion = 15.0.27428.2015
MinimumVisualStudioVersion = 10.0.40219.1
Project("{FAE04EC0-301F-11D3-BF4B-00C04F79EFBC}") = "ImpresionLCD", "ImpresionLCD\ImpresionLCD.csproj", "{C9B1D75F-CB4E-4E7B-80BE-34E1F7875AD6}"
EndProject
Global
	GlobalSection(SolutionConfigurationPlatforms) = preSolution
		Debug|Any CPU = Debug|Any CPU
		Release|Any CPU = Release|Any CPU
	EndGlobalSection
	GlobalSection(ProjectConfigurationPlatforms) = postSolution
		{C9B1D75F-CB4E-4E7B-80BE-34E1F7875AD6}.Debug|Any CPU.ActiveCfg = Debug|Any CPU
		{C9B1D75F-CB4E-4E7B-80BE-34E1F7875AD6}.Debug|Any CPU.Build.0 = Debug|Any CPU
		{C9B1D75F-CB4E-4E7B-80BE-34E1F7875AD6}.Release|Any CPU.ActiveCfg = Release|Any CPU
		{C9B1D75F-CB4E-4E7B-80BE-34E1F7875AD6}.Release|Any CPU.Build.0 = Release|Any CPU
	EndGlobalSection
	GlobalSection(SolutionProperties) = preSolution
		HideSolutionNode = FALSE
	EndGlobalSection
	GlobalSection(ExtensibilityGlobals) = postSolution
		SolutionGuid = {FDA9168A-C8F0-43E8-9F04-063851CA4AE3}
	EndGlobalSection
EndGlobal
